
Microsoft Visual Studio Solution File, Format Version 12.00
# Visual Studio Version 16
VisualStudioVersion = 16.0.31624.102
MinimumVisualStudioVersion = 10.0.40219.1
Project("{9A19103F-16F7-4668-BE54-9A1E7A4F7556}") = "Domain", "Domain\Domain.csproj", "{D88F9DC9-5DE2-4E60-AF39-A5F8EC900673}"
EndProject
Project("{9A19103F-16F7-4668-BE54-9A1E7A4F7556}") = "Application", "Application\Application.csproj", "{124CBB08-CDFA-4C34-B0C6-AC3AB5B08514}"
EndProject
Project("{9A19103F-16F7-4668-BE54-9A1E7A4F7556}") = "Infrastructure", "Infrastructure\Infrastructure.csproj", "{3F0929E1-3C02-46D4-97B2-CBC19F5C2C10}"
EndProject
Project("{9A19103F-16F7-4668-BE54-9A1E7A4F7556}") = "WebApi", "WebApi\WebApi.csproj", "{B012235C-F573-47BA-9499-71C837835A9C}"
EndProject
Project("{2150E333-8FDC-42A3-9474-1A3956D46DE8}") = "Tests", "Tests", "{23007AA5-F2BB-4FFB-B3BC-7BB92792C793}"
EndProject
Project("{2150E333-8FDC-42A3-9474-1A3956D46DE8}") = "Src", "Src", "{604B460C-DE97-4BE2-8F77-532B68CB2B0C}"
EndProject
Project("{9A19103F-16F7-4668-BE54-9A1E7A4F7556}") = "Application.UnitTests", "Application.UnitTests\Application.UnitTests.csproj", "{C8D2C78C-90E9-42A1-856D-DA8F9DBE9BB0}"
EndProject
Project("{FAE04EC0-301F-11D3-BF4B-00C04F79EFBC}") = "WebApi.IntegrationTests", "WebApi.IntegrationTests\WebApi.IntegrationTests.csproj", "{B652471F-47D1-44C3-8965-C430E90E042D}"
EndProject
Global
	GlobalSection(SolutionConfigurationPlatforms) = preSolution
		Debug|Any CPU = Debug|Any CPU
		Release|Any CPU = Release|Any CPU
	EndGlobalSection
	GlobalSection(ProjectConfigurationPlatforms) = postSolution
		{D88F9DC9-5DE2-4E60-AF39-A5F8EC900673}.Debug|Any CPU.ActiveCfg = Debug|Any CPU
		{D88F9DC9-5DE2-4E60-AF39-A5F8EC900673}.Debug|Any CPU.Build.0 = Debug|Any CPU
		{D88F9DC9-5DE2-4E60-AF39-A5F8EC900673}.Release|Any CPU.ActiveCfg = Release|Any CPU
		{D88F9DC9-5DE2-4E60-AF39-A5F8EC900673}.Release|Any CPU.Build.0 = Release|Any CPU
		{124CBB08-CDFA-4C34-B0C6-AC3AB5B08514}.Debug|Any CPU.ActiveCfg = Debug|Any CPU
		{124CBB08-CDFA-4C34-B0C6-AC3AB5B08514}.Debug|Any CPU.Build.0 = Debug|Any CPU
		{124CBB08-CDFA-4C34-B0C6-AC3AB5B08514}.Release|Any CPU.ActiveCfg = Release|Any CPU
		{124CBB08-CDFA-4C34-B0C6-AC3AB5B08514}.Release|Any CPU.Build.0 = Release|Any CPU
		{3F0929E1-3C02-46D4-97B2-CBC19F5C2C10}.Debug|Any CPU.ActiveCfg = Debug|Any CPU
		{3F0929E1-3C02-46D4-97B2-CBC19F5C2C10}.Debug|Any CPU.Build.0 = Debug|Any CPU
		{3F0929E1-3C02-46D4-97B2-CBC19F5C2C10}.Release|Any CPU.ActiveCfg = Release|Any CPU
		{3F0929E1-3C02-46D4-97B2-CBC19F5C2C10}.Release|Any CPU.Build.0 = Release|Any CPU
		{B012235C-F573-47BA-9499-71C837835A9C}.Debug|Any CPU.ActiveCfg = Debug|Any CPU
		{B012235C-F573-47BA-9499-71C837835A9C}.Debug|Any CPU.Build.0 = Debug|Any CPU
		{B012235C-F573-47BA-9499-71C837835A9C}.Release|Any CPU.ActiveCfg = Release|Any CPU
		{B012235C-F573-47BA-9499-71C837835A9C}.Release|Any CPU.Build.0 = Release|Any CPU
		{C8D2C78C-90E9-42A1-856D-DA8F9DBE9BB0}.Debug|Any CPU.ActiveCfg = Debug|Any CPU
		{C8D2C78C-90E9-42A1-856D-DA8F9DBE9BB0}.Debug|Any CPU.Build.0 = Debug|Any CPU
		{C8D2C78C-90E9-42A1-856D-DA8F9DBE9BB0}.Release|Any CPU.ActiveCfg = Release|Any CPU
		{C8D2C78C-90E9-42A1-856D-DA8F9DBE9BB0}.Release|Any CPU.Build.0 = Release|Any CPU
		{B652471F-47D1-44C3-8965-C430E90E042D}.Debug|Any CPU.ActiveCfg = Debug|Any CPU
		{B652471F-47D1-44C3-8965-C430E90E042D}.Debug|Any CPU.Build.0 = Debug|Any CPU
		{B652471F-47D1-44C3-8965-C430E90E042D}.Release|Any CPU.ActiveCfg = Release|Any CPU
		{B652471F-47D1-44C3-8965-C430E90E042D}.Release|Any CPU.Build.0 = Release|Any CPU
	EndGlobalSection
	GlobalSection(SolutionProperties) = preSolution
		HideSolutionNode = FALSE
	EndGlobalSection
	GlobalSection(NestedProjects) = preSolution
		{D88F9DC9-5DE2-4E60-AF39-A5F8EC900673} = {604B460C-DE97-4BE2-8F77-532B68CB2B0C}
		{124CBB08-CDFA-4C34-B0C6-AC3AB5B08514} = {604B460C-DE97-4BE2-8F77-532B68CB2B0C}
		{3F0929E1-3C02-46D4-97B2-CBC19F5C2C10} = {604B460C-DE97-4BE2-8F77-532B68CB2B0C}
		{B012235C-F573-47BA-9499-71C837835A9C} = {604B460C-DE97-4BE2-8F77-532B68CB2B0C}
		{C8D2C78C-90E9-42A1-856D-DA8F9DBE9BB0} = {23007AA5-F2BB-4FFB-B3BC-7BB92792C793}
		{B652471F-47D1-44C3-8965-C430E90E042D} = {23007AA5-F2BB-4FFB-B3BC-7BB92792C793}
	EndGlobalSection
	GlobalSection(ExtensibilityGlobals) = postSolution
		SolutionGuid = {46E84AF5-324A-46C9-9B24-2AA3DD563371}
	EndGlobalSection
EndGlobal
